{
  "object": {
    "pins": [
      {
        "package": "Swifter",
        "repositoryURL": "https://github.com/httpswift/swifter.git",
        "state": {
          "branch": "stable",
          "revision": "b366f5ed088d9d0d216a9ce18ec726f7912c30f3",
          "version": null
        }
      }
    ]
  },
  "version": 1
}
