{
  "object": {
    "pins": [
      {
        "package": "Signals",
        "repositoryURL": "https://github.com/IBM-Swift/BlueSignals.git",
        "state": {
          "branch": null,
          "revision": "58ec1acfba8fb4bf469ae9f3d633568cb5853305",
          "version": "1.0.6"
        }
      },
      {
        "package": "Swifter",
        "repositoryURL": "https://github.com/httpswift/swifter.git",
        "state": {
          "branch": "stable",
          "revision": "b366f5ed088d9d0d216a9ce18ec726f7912c30f3",
          "version": null
        }
      }
    ]
  },
  "version": 1
}
